
Microsoft Visual Studio Solution File, Format Version 12.00
# Visual Studio Version 16
VisualStudioVersion = 16.0.31624.102
MinimumVisualStudioVersion = 10.0.40219.1
Project("{FAE04EC0-301F-11D3-BF4B-00C04F79EFBC}") = "RepositoryExample_15_02_22", "RepositoryExample_15_02_22\RepositoryExample_15_02_22.csproj", "{CCBC7506-4BCA-4923-8D72-07D7F920A4FE}"
EndProject
Project("{FAE04EC0-301F-11D3-BF4B-00C04F79EFBC}") = "AdvancedRepository", "AdvancedRepository\AdvancedRepository.csproj", "{82186236-40A9-483D-B2D9-8130952DB9C8}"
EndProject
Global
	GlobalSection(SolutionConfigurationPlatforms) = preSolution
		Debug|Any CPU = Debug|Any CPU
		Release|Any CPU = Release|Any CPU
	EndGlobalSection
	GlobalSection(ProjectConfigurationPlatforms) = postSolution
		{CCBC7506-4BCA-4923-8D72-07D7F920A4FE}.Debug|Any CPU.ActiveCfg = Debug|Any CPU
		{CCBC7506-4BCA-4923-8D72-07D7F920A4FE}.Debug|Any CPU.Build.0 = Debug|Any CPU
		{CCBC7506-4BCA-4923-8D72-07D7F920A4FE}.Release|Any CPU.ActiveCfg = Release|Any CPU
		{CCBC7506-4BCA-4923-8D72-07D7F920A4FE}.Release|Any CPU.Build.0 = Release|Any CPU
		{82186236-40A9-483D-B2D9-8130952DB9C8}.Debug|Any CPU.ActiveCfg = Debug|Any CPU
		{82186236-40A9-483D-B2D9-8130952DB9C8}.Debug|Any CPU.Build.0 = Debug|Any CPU
		{82186236-40A9-483D-B2D9-8130952DB9C8}.Release|Any CPU.ActiveCfg = Release|Any CPU
		{82186236-40A9-483D-B2D9-8130952DB9C8}.Release|Any CPU.Build.0 = Release|Any CPU
	EndGlobalSection
	GlobalSection(SolutionProperties) = preSolution
		HideSolutionNode = FALSE
	EndGlobalSection
	GlobalSection(ExtensibilityGlobals) = postSolution
		SolutionGuid = {1F9D21F2-783A-437F-AE04-D61F42F24650}
	EndGlobalSection
EndGlobal
